[tools.go]
# renovate: datasource=github-releases depName=go packageName=golang/go
version = "1.24.2"
backend = "core:go"

[tools.go.checksums]
"go1.24.2.linux-amd64.tar.gz" = "sha256:68097bd680839cbc9d464a0edce4f7c333975e27a90246890e9f1078c7e702ad"

[tools."go:github.com/grafana/oats"]
# renovate: datasource=github-releases depName=oats packageName=grafana/oats
version = "0.2.1"
backend = "go:github.com/grafana/oats"

[tools.java]
version = "temurin-21.0.6+7.0.LTS"
backend = "core:java"

[tools.lychee]
version = "0.18.1"
backend = "aqua:lycheeverse/lychee"

[tools.markdownlint-cli2]
version = "0.17.2"
backend = "npm:markdownlint-cli2"
