[tools.go]
# renovate: datasource=github-releases depName=go packageName=golang/go
version = "1.24.1"
backend = "core:go"

[tools."go:github.com/grafana/oats"]
# renovate: datasource=github-releases depName=oats packageName=grafana/oats
version = "0.2.0"
backend = "go:github.com/grafana/oats"

[tools.java]
version = "temurin-21.0.6+7.0.LTS"
backend = "core:java"

[tools.lychee]
version = "0.18.1"
backend = "aqua:lycheeverse/lychee"

[tools.markdownlint-cli2]
version = "0.17.2"
backend = "npm:markdownlint-cli2"
