Microsoft Visual Studio Solution File, Format Version 12.00
# Visual Studio Version 17
VisualStudioVersion = 17.5.2.0
MinimumVisualStudioVersion = 10.0.40219.1
Project("{FAE04EC0-301F-11D3-BF4B-00C04F79EFBC}") = "rolldice", "rolldice.csproj", "{8961C9B6-8E90-B9FA-0EA6-BD254DDFC7F7}"
EndProject
Global
	GlobalSection(SolutionConfigurationPlatforms) = preSolution
		Debug|Any CPU = Debug|Any CPU
		Release|Any CPU = Release|Any CPU
	EndGlobalSection
	GlobalSection(ProjectConfigurationPlatforms) = postSolution
		{8961C9B6-8E90-B9FA-0EA6-BD254DDFC7F7}.Debug|Any CPU.ActiveCfg = Debug|Any CPU
		{8961C9B6-8E90-B9FA-0EA6-BD254DDFC7F7}.Debug|Any CPU.Build.0 = Debug|Any CPU
		{8961C9B6-8E90-B9FA-0EA6-BD254DDFC7F7}.Release|Any CPU.ActiveCfg = Release|Any CPU
		{8961C9B6-8E90-B9FA-0EA6-BD254DDFC7F7}.Release|Any CPU.Build.0 = Release|Any CPU
	EndGlobalSection
	GlobalSection(SolutionProperties) = preSolution
		HideSolutionNode = FALSE
	EndGlobalSection
	GlobalSection(ExtensibilityGlobals) = postSolution
		SolutionGuid = {8BB7946D-E770-4629-80E1-1D30B2AA5528}
	EndGlobalSection
EndGlobal
